
Microsoft Visual Studio Solution File, Format Version 12.00
# Visual Studio Version 16
VisualStudioVersion = 16.0.31321.278
MinimumVisualStudioVersion = 10.0.40219.1
Project("{FAE04EC0-301F-11D3-BF4B-00C04F79EFBC}") = "Synergy", "Synergy\Synergy.csproj", "{DA64FFFB-0F07-44AE-9337-80987F86E7D0}"
EndProject
Global
	GlobalSection(SolutionConfigurationPlatforms) = preSolution
		Debug|Any CPU = Debug|Any CPU
		Release|Any CPU = Release|Any CPU
	EndGlobalSection
	GlobalSection(ProjectConfigurationPlatforms) = postSolution
		{DA64FFFB-0F07-44AE-9337-80987F86E7D0}.Debug|Any CPU.ActiveCfg = Debug|Any CPU
		{DA64FFFB-0F07-44AE-9337-80987F86E7D0}.Debug|Any CPU.Build.0 = Debug|Any CPU
		{DA64FFFB-0F07-44AE-9337-80987F86E7D0}.Release|Any CPU.ActiveCfg = Release|Any CPU
		{DA64FFFB-0F07-44AE-9337-80987F86E7D0}.Release|Any CPU.Build.0 = Release|Any CPU
	EndGlobalSection
	GlobalSection(SolutionProperties) = preSolution
		HideSolutionNode = FALSE
	EndGlobalSection
	GlobalSection(ExtensibilityGlobals) = postSolution
		SolutionGuid = {33AFA552-A9A5-4E0E-A466-07DF91340610}
	EndGlobalSection
EndGlobal
